github.com/mohae/deepcopy v0.0.0-20170929034955-c48cc78d4826 h1:RWengNIwukTxcDr9M+97sNutRR1RKhG96O6jWumTTnw=
github.com/mohae/deepcopy v0.0.0-20170929034955-c48cc78d4826/go.mod h1:TaXosZuwdSHYgviHp1DAtfrULt5eUgsSMsZf+YrPgl8=
github.com/zanicar/dlx v0.0.0-20180406154551-65ba5d8ffe60 h1:k9l5GQ3bnU1LW2RK8sAuFnJ+TKzZTHErlC8fuKwC1+k=
github.com/zanicar/dlx v0.0.0-20180406154551-65ba5d8ffe60/go.mod h1:SQmTn/dZ1gL9ehnB8NBdi5G87/9LYky9Okh5H96boUo=
